
Microsoft Visual Studio Solution File, Format Version 12.00
# Visual Studio Version 17
VisualStudioVersion = 17.11.35312.102
MinimumVisualStudioVersion = 10.0.40219.1
Project("{9A19103F-16F7-4668-BE54-9A1E7A4F7556}") = "APIM.Policies.Sample", "APIM.Policies.Sample\APIM.Policies.Sample.csproj", "{AC03D9E2-AEEE-45AA-8169-E29737CB7DB9}"
EndProject
Project("{FAE04EC0-301F-11D3-BF4B-00C04F79EFBC}") = "APIM.Policies.Sample.Tests", "APIM.Policies.Sample.Tests\APIM.Policies.Sample.Tests.csproj", "{E9AC9BF8-D46C-4B24-8D69-63D7EB218520}"
EndProject
Project("{9A19103F-16F7-4668-BE54-9A1E7A4F7556}") = "APIM.Policies.Context.Abstractions", "..\src\APIM.Policies.Context.Abstractions\APIM.Policies.Context.Abstractions.csproj", "{8704CED4-E9DD-4197-A2B0-41F75176E948}"
EndProject
Project("{9A19103F-16F7-4668-BE54-9A1E7A4F7556}") = "APIM.Policies.Context", "..\src\APIM.Policies.Context\APIM.Policies.Context.csproj", "{6D18F52F-68FA-4E07-B6F6-5F09ADD7C991}"
EndProject
Global
	GlobalSection(SolutionConfigurationPlatforms) = preSolution
		Debug|Any CPU = Debug|Any CPU
		Release|Any CPU = Release|Any CPU
	EndGlobalSection
	GlobalSection(ProjectConfigurationPlatforms) = postSolution
		{AC03D9E2-AEEE-45AA-8169-E29737CB7DB9}.Debug|Any CPU.ActiveCfg = Debug|Any CPU
		{AC03D9E2-AEEE-45AA-8169-E29737CB7DB9}.Debug|Any CPU.Build.0 = Debug|Any CPU
		{AC03D9E2-AEEE-45AA-8169-E29737CB7DB9}.Release|Any CPU.ActiveCfg = Release|Any CPU
		{AC03D9E2-AEEE-45AA-8169-E29737CB7DB9}.Release|Any CPU.Build.0 = Release|Any CPU
		{E9AC9BF8-D46C-4B24-8D69-63D7EB218520}.Debug|Any CPU.ActiveCfg = Debug|Any CPU
		{E9AC9BF8-D46C-4B24-8D69-63D7EB218520}.Debug|Any CPU.Build.0 = Debug|Any CPU
		{E9AC9BF8-D46C-4B24-8D69-63D7EB218520}.Release|Any CPU.ActiveCfg = Release|Any CPU
		{E9AC9BF8-D46C-4B24-8D69-63D7EB218520}.Release|Any CPU.Build.0 = Release|Any CPU
		{8704CED4-E9DD-4197-A2B0-41F75176E948}.Debug|Any CPU.ActiveCfg = Debug|Any CPU
		{8704CED4-E9DD-4197-A2B0-41F75176E948}.Debug|Any CPU.Build.0 = Debug|Any CPU
		{8704CED4-E9DD-4197-A2B0-41F75176E948}.Release|Any CPU.ActiveCfg = Release|Any CPU
		{8704CED4-E9DD-4197-A2B0-41F75176E948}.Release|Any CPU.Build.0 = Release|Any CPU
		{6D18F52F-68FA-4E07-B6F6-5F09ADD7C991}.Debug|Any CPU.ActiveCfg = Debug|Any CPU
		{6D18F52F-68FA-4E07-B6F6-5F09ADD7C991}.Debug|Any CPU.Build.0 = Debug|Any CPU
		{6D18F52F-68FA-4E07-B6F6-5F09ADD7C991}.Release|Any CPU.ActiveCfg = Release|Any CPU
		{6D18F52F-68FA-4E07-B6F6-5F09ADD7C991}.Release|Any CPU.Build.0 = Release|Any CPU
	EndGlobalSection
	GlobalSection(SolutionProperties) = preSolution
		HideSolutionNode = FALSE
	EndGlobalSection
	GlobalSection(ExtensibilityGlobals) = postSolution
		SolutionGuid = {B409C4AA-200A-4B37-95CB-4BD607016BB5}
	EndGlobalSection
EndGlobal
