
Microsoft Visual Studio Solution File, Format Version 12.00
# Visual Studio Version 17
VisualStudioVersion = 17.11.35312.102
MinimumVisualStudioVersion = 10.0.40219.1
Project("{9A19103F-16F7-4668-BE54-9A1E7A4F7556}") = "APIM.Policies.CLI", "APIM.Policies.CLI\APIM.Policies.CLI.csproj", "{35E4057E-3F1C-4F87-B6E4-3BFE4E3F83F1}"
EndProject
Project("{9A19103F-16F7-4668-BE54-9A1E7A4F7556}") = "APIM.Policies.CLI.Tests", "APIM.Policies.CLI.Tests\APIM.Policies.CLI.Tests.csproj", "{60007346-1DA9-43EA-A7B2-2D1DBEFBC276}"
EndProject
Project("{9A19103F-16F7-4668-BE54-9A1E7A4F7556}") = "APIM.Policies.Context", "APIM.Policies.Context\APIM.Policies.Context.csproj", "{D4F46F19-DE79-43E2-9EE1-321B5AD3D9C5}"
EndProject
Project("{FAE04EC0-301F-11D3-BF4B-00C04F79EFBC}") = "APIM.Policies.Context.Builder", "APIM.Policies.Context.Builder\APIM.Policies.Context.Builder.csproj", "{A5945319-4734-434D-8E1E-48C32C73626E}"
EndProject
Global
	GlobalSection(SolutionConfigurationPlatforms) = preSolution
		Debug|Any CPU = Debug|Any CPU
		Release|Any CPU = Release|Any CPU
	EndGlobalSection
	GlobalSection(ProjectConfigurationPlatforms) = postSolution
		{35E4057E-3F1C-4F87-B6E4-3BFE4E3F83F1}.Debug|Any CPU.ActiveCfg = Debug|Any CPU
		{35E4057E-3F1C-4F87-B6E4-3BFE4E3F83F1}.Debug|Any CPU.Build.0 = Debug|Any CPU
		{35E4057E-3F1C-4F87-B6E4-3BFE4E3F83F1}.Release|Any CPU.ActiveCfg = Release|Any CPU
		{35E4057E-3F1C-4F87-B6E4-3BFE4E3F83F1}.Release|Any CPU.Build.0 = Release|Any CPU
		{60007346-1DA9-43EA-A7B2-2D1DBEFBC276}.Debug|Any CPU.ActiveCfg = Debug|Any CPU
		{60007346-1DA9-43EA-A7B2-2D1DBEFBC276}.Debug|Any CPU.Build.0 = Debug|Any CPU
		{60007346-1DA9-43EA-A7B2-2D1DBEFBC276}.Release|Any CPU.ActiveCfg = Release|Any CPU
		{60007346-1DA9-43EA-A7B2-2D1DBEFBC276}.Release|Any CPU.Build.0 = Release|Any CPU
		{D4F46F19-DE79-43E2-9EE1-321B5AD3D9C5}.Debug|Any CPU.ActiveCfg = Debug|Any CPU
		{D4F46F19-DE79-43E2-9EE1-321B5AD3D9C5}.Debug|Any CPU.Build.0 = Debug|Any CPU
		{D4F46F19-DE79-43E2-9EE1-321B5AD3D9C5}.Release|Any CPU.ActiveCfg = Release|Any CPU
		{D4F46F19-DE79-43E2-9EE1-321B5AD3D9C5}.Release|Any CPU.Build.0 = Release|Any CPU
		{A5945319-4734-434D-8E1E-48C32C73626E}.Debug|Any CPU.ActiveCfg = Debug|Any CPU
		{A5945319-4734-434D-8E1E-48C32C73626E}.Debug|Any CPU.Build.0 = Debug|Any CPU
		{A5945319-4734-434D-8E1E-48C32C73626E}.Release|Any CPU.ActiveCfg = Release|Any CPU
		{A5945319-4734-434D-8E1E-48C32C73626E}.Release|Any CPU.Build.0 = Release|Any CPU
	EndGlobalSection
	GlobalSection(SolutionProperties) = preSolution
		HideSolutionNode = FALSE
	EndGlobalSection
	GlobalSection(ExtensibilityGlobals) = postSolution
		SolutionGuid = {BB50627F-99BF-4F2C-9C3C-3794A8B7DB3C}
	EndGlobalSection
EndGlobal
